// !$*UTF8*$!
{
	archiveVersion = 1;
	classes = {
	};
	objectVersion = 50;
	objects = {

/* Begin PBXBuildFile section */
		ED07FF09236B54D6000DD1D6 /* AppDelegate.swift in Sources */ = {isa = PBXBuildFile; fileRef = ED07FF08236B54D6000DD1D6 /* AppDelegate.swift */; };
		ED07FF0B236B54D6000DD1D6 /* ViewController.swift in Sources */ = {isa = PBXBuildFile; fileRef = ED07FF0A236B54D6000DD1D6 /* ViewController.swift */; };
		ED07FF0E236B54D6000DD1D6 /* Main.storyboard in Resources */ = {isa = PBXBuildFile; fileRef = ED07FF0C236B54D6000DD1D6 /* Main.storyboard */; };
		ED07FF10236B54D9000DD1D6 /* Assets.xcassets in Resources */ = {isa = PBXBuildFile; fileRef = ED07FF0F236B54D9000DD1D6 /* Assets.xcassets */; };
		ED07FF13236B54D9000DD1D6 /* LaunchScreen.storyboard in Resources */ = {isa = PBXBuildFile; fileRef = ED07FF11236B54D9000DD1D6 /* LaunchScreen.storyboard */; };
		ED07FF1E236B54D9000DD1D6 /* gitTeachTests.swift in Sources */ = {isa = PBXBuildFile; fileRef = ED07FF1D236B54D9000DD1D6 /* gitTeachTests.swift */; };
		ED07FF29236B54D9000DD1D6 /* gitTeachUITests.swift in Sources */ = {isa = PBXBuildFile; fileRef = ED07FF28236B54D9000DD1D6 /* gitTeachUITests.swift */; };
/* End PBXBuildFile section */

/* Begin PBXContainerItemProxy section */
		ED07FF1A236B54D9000DD1D6 /* PBXContainerItemProxy */ = {
			isa = PBXContainerItemProxy;
			containerPortal = ED07FEFD236B54D6000DD1D6 /* Project object */;
			proxyType = 1;
			remoteGlobalIDString = ED07FF04236B54D6000DD1D6;
			remoteInfo = gitTeach;
		};
		ED07FF25236B54D9000DD1D6 /* PBXContainerItemProxy */ = {
			isa = PBXContainerItemProxy;
			containerPortal = ED07FEFD236B54D6000DD1D6 /* Project object */;
			proxyType = 1;
			remoteGlobalIDString = ED07FF04236B54D6000DD1D6;
			remoteInfo = gitTeach;
		};
/* End PBXContainerItemProxy section */

/* Begin PBXFileReference section */
		ED07FF05236B54D6000DD1D6 /* gitTeach.app */ = {isa = PBXFileReference; explicitFileType = wrapper.application; includeInIndex = 0; path = gitTeach.app; sourceTree = BUILT_PRODUCTS_DIR; };
		ED07FF08236B54D6000DD1D6 /* AppDelegate.swift */ = {isa = PBXFileReference; lastKnownFileType = sourcecode.swift; path = AppDelegate.swift; sourceTree = "<group>"; };
		ED07FF0A236B54D6000DD1D6 /* ViewController.swift */ = {isa = PBXFileReference; lastKnownFileType = sourcecode.swift; path = ViewController.swift; sourceTree = "<group>"; };
		ED07FF0D236B54D6000DD1D6 /* Base */ = {isa = PBXFileReference; lastKnownFileType = file.storyboard; name = Base; path = Base.lproj/Main.storyboard; sourceTree = "<group>"; };
		ED07FF0F236B54D9000DD1D6 /* Assets.xcassets */ = {isa = PBXFileReference; lastKnownFileType = folder.assetcatalog; path = Assets.xcassets; sourceTree = "<group>"; };
		ED07FF12236B54D9000DD1D6 /* Base */ = {isa = PBXFileReference; lastKnownFileType = file.storyboard; name = Base; path = Base.lproj/LaunchScreen.storyboard; sourceTree = "<group>"; };
		ED07FF14236B54D9000DD1D6 /* Info.plist */ = {isa = PBXFileReference; lastKnownFileType = text.plist.xml; path = Info.plist; sourceTree = "<group>"; };
		ED07FF19236B54D9000DD1D6 /* gitTeachTests.xctest */ = {isa = PBXFileReference; explicitFileType = wrapper.cfbundle; includeInIndex = 0; path = gitTeachTests.xctest; sourceTree = BUILT_PRODUCTS_DIR; };
		ED07FF1D236B54D9000DD1D6 /* gitTeachTests.swift */ = {isa = PBXFileReference; lastKnownFileType = sourcecode.swift; path = gitTeachTests.swift; sourceTree = "<group>"; };
		ED07FF1F236B54D9000DD1D6 /* Info.plist */ = {isa = PBXFileReference; lastKnownFileType = text.plist.xml; path = Info.plist; sourceTree = "<group>"; };
		ED07FF24236B54D9000DD1D6 /* gitTeachUITests.xctest */ = {isa = PBXFileReference; explicitFileType = wrapper.cfbundle; includeInIndex = 0; path = gitTeachUITests.xctest; sourceTree = BUILT_PRODUCTS_DIR; };
		ED07FF28236B54D9000DD1D6 /* gitTeachUITests.swift */ = {isa = PBXFileReference; lastKnownFileType = sourcecode.swift; path = gitTeachUITests.swift; sourceTree = "<group>"; };
		ED07FF2A236B54D9000DD1D6 /* Info.plist */ = {isa = PBXFileReference; lastKnownFileType = text.plist.xml; path = Info.plist; sourceTree = "<group>"; };
/* End PBXFileReference section */

/* Begin PBXFrameworksBuildPhase section */
		ED07FF02236B54D6000DD1D6 /* Frameworks */ = {
			isa = PBXFrameworksBuildPhase;
			buildActionMask = 2147483647;
			files = (
			);
			runOnlyForDeploymentPostprocessing = 0;
		};
		ED07FF16236B54D9000DD1D6 /* Frameworks */ = {
			isa = PBXFrameworksBuildPhase;
			buildActionMask = 2147483647;
			files = (
			);
			runOnlyForDeploymentPostprocessing = 0;
		};
		ED07FF21236B54D9000DD1D6 /* Frameworks */ = {
			isa = PBXFrameworksBuildPhase;
			buildActionMask = 2147483647;
			files = (
			);
			runOnlyForDeploymentPostprocessing = 0;
		};
/* End PBXFrameworksBuildPhase section */

/* Begin PBXGroup section */
		ED07FEFC236B54D6000DD1D6 = {
			isa = PBXGroup;
			children = (
				ED07FF07236B54D6000DD1D6 /* gitTeach */,
				ED07FF1C236B54D9000DD1D6 /* gitTeachTests */,
				ED07FF27236B54D9000DD1D6 /* gitTeachUITests */,
				ED07FF06236B54D6000DD1D6 /* Products */,
			);
			sourceTree = "<group>";
		};
		ED07FF06236B54D6000DD1D6 /* Products */ = {
			isa = PBXGroup;
			children = (
				ED07FF05236B54D6000DD1D6 /* gitTeach.app */,
				ED07FF19236B54D9000DD1D6 /* gitTeachTests.xctest */,
				ED07FF24236B54D9000DD1D6 /* gitTeachUITests.xctest */,
			);
			name = Products;
			sourceTree = "<group>";
		};
		ED07FF07236B54D6000DD1D6 /* gitTeach */ = {
			isa = PBXGroup;
			children = (
				ED07FF08236B54D6000DD1D6 /* AppDelegate.swift */,
				ED07FF0A236B54D6000DD1D6 /* ViewController.swift */,
				ED07FF0C236B54D6000DD1D6 /* Main.storyboard */,
				ED07FF0F236B54D9000DD1D6 /* Assets.xcassets */,
				ED07FF11236B54D9000DD1D6 /* LaunchScreen.storyboard */,
				ED07FF14236B54D9000DD1D6 /* Info.plist */,
			);
			path = gitTeach;
			sourceTree = "<group>";
		};
		ED07FF1C236B54D9000DD1D6 /* gitTeachTests */ = {
			isa = PBXGroup;
			children = (
				ED07FF1D236B54D9000DD1D6 /* gitTeachTests.swift */,
				ED07FF1F236B54D9000DD1D6 /* Info.plist */,
			);
			path = gitTeachTests;
			sourceTree = "<group>";
		};
		ED07FF27236B54D9000DD1D6 /* gitTeachUITests */ = {
			isa = PBXGroup;
			children = (
				ED07FF28236B54D9000DD1D6 /* gitTeachUITests.swift */,
				ED07FF2A236B54D9000DD1D6 /* Info.plist */,
			);
			path = gitTeachUITests;
			sourceTree = "<group>";
		};
/* End PBXGroup section */

/* Begin PBXNativeTarget section */
		ED07FF04236B54D6000DD1D6 /* gitTeach */ = {
			isa = PBXNativeTarget;
			buildConfigurationList = ED07FF2D236B54D9000DD1D6 /* Build configuration list for PBXNativeTarget "gitTeach" */;
			buildPhases = (
				ED07FF01236B54D6000DD1D6 /* Sources */,
				ED07FF02236B54D6000DD1D6 /* Frameworks */,
				ED07FF03236B54D6000DD1D6 /* Resources */,
			);
			buildRules = (
			);
			dependencies = (
			);
			name = gitTeach;
			productName = gitTeach;
			productReference = ED07FF05236B54D6000DD1D6 /* gitTeach.app */;
			productType = "com.apple.product-type.application";
		};
		ED07FF18236B54D9000DD1D6 /* gitTeachTests */ = {
			isa = PBXNativeTarget;
			buildConfigurationList = ED07FF30236B54D9000DD1D6 /* Build configuration list for PBXNativeTarget "gitTeachTests" */;
			buildPhases = (
				ED07FF15236B54D9000DD1D6 /* Sources */,
				ED07FF16236B54D9000DD1D6 /* Frameworks */,
				ED07FF17236B54D9000DD1D6 /* Resources */,
			);
			buildRules = (
			);
			dependencies = (
				ED07FF1B236B54D9000DD1D6 /* PBXTargetDependency */,
			);
			name = gitTeachTests;
			productName = gitTeachTests;
			productReference = ED07FF19236B54D9000DD1D6 /* gitTeachTests.xctest */;
			productType = "com.apple.product-type.bundle.unit-test";
		};
		ED07FF23236B54D9000DD1D6 /* gitTeachUITests */ = {
			isa = PBXNativeTarget;
			buildConfigurationList = ED07FF33236B54D9000DD1D6 /* Build configuration list for PBXNativeTarget "gitTeachUITests" */;
			buildPhases = (
				ED07FF20236B54D9000DD1D6 /* Sources */,
				ED07FF21236B54D9000DD1D6 /* Frameworks */,
				ED07FF22236B54D9000DD1D6 /* Resources */,
			);
			buildRules = (
			);
			dependencies = (
				ED07FF26236B54D9000DD1D6 /* PBXTargetDependency */,
			);
			name = gitTeachUITests;
			productName = gitTeachUITests;
			productReference = ED07FF24236B54D9000DD1D6 /* gitTeachUITests.xctest */;
			productType = "com.apple.product-type.bundle.ui-testing";
		};
/* End PBXNativeTarget section */

/* Begin PBXProject section */
		ED07FEFD236B54D6000DD1D6 /* Project object */ = {
			isa = PBXProject;
			attributes = {
				LastSwiftUpdateCheck = 1030;
				LastUpgradeCheck = 1030;
				ORGANIZATIONNAME = "jaylin wood";
				TargetAttributes = {
					ED07FF04236B54D6000DD1D6 = {
						CreatedOnToolsVersion = 10.3;
					};
					ED07FF18236B54D9000DD1D6 = {
						CreatedOnToolsVersion = 10.3;
						TestTargetID = ED07FF04236B54D6000DD1D6;
					};
					ED07FF23236B54D9000DD1D6 = {
						CreatedOnToolsVersion = 10.3;
						TestTargetID = ED07FF04236B54D6000DD1D6;
					};
				};
			};
			buildConfigurationList = ED07FF00236B54D6000DD1D6 /* Build configuration list for PBXProject "gitTeach" */;
			compatibilityVersion = "Xcode 9.3";
			developmentRegion = en;
			hasScannedForEncodings = 0;
			knownRegions = (
				en,
				Base,
			);
			mainGroup = ED07FEFC236B54D6000DD1D6;
			productRefGroup = ED07FF06236B54D6000DD1D6 /* Products */;
			projectDirPath = "";
			projectRoot = "";
			targets = (
				ED07FF04236B54D6000DD1D6 /* gitTeach */,
				ED07FF18236B54D9000DD1D6 /* gitTeachTests */,
				ED07FF23236B54D9000DD1D6 /* gitTeachUITests */,
			);
		};
/* End PBXProject section */

/* Begin PBXResourcesBuildPhase section */
		ED07FF03236B54D6000DD1D6 /* Resources */ = {
			isa = PBXResourcesBuildPhase;
			buildActionMask = 2147483647;
			files = (
				ED07FF13236B54D9000DD1D6 /* LaunchScreen.storyboard in Resources */,
				ED07FF10236B54D9000DD1D6 /* Assets.xcassets in Resources */,
				ED07FF0E236B54D6000DD1D6 /* Main.storyboard in Resources */,
			);
			runOnlyForDeploymentPostprocessing = 0;
		};
		ED07FF17236B54D9000DD1D6 /* Resources */ = {
			isa = PBXResourcesBuildPhase;
			buildActionMask = 2147483647;
			files = (
			);
			runOnlyForDeploymentPostprocessing = 0;
		};
		ED07FF22236B54D9000DD1D6 /* Resources */ = {
			isa = PBXResourcesBuildPhase;
			buildActionMask = 2147483647;
			files = (
			);
			runOnlyForDeploymentPostprocessing = 0;
		};
/* End PBXResourcesBuildPhase section */

/* Begin PBXSourcesBuildPhase section */
		ED07FF01236B54D6000DD1D6 /* Sources */ = {
			isa = PBXSourcesBuildPhase;
			buildActionMask = 2147483647;
			files = (
				ED07FF0B236B54D6000DD1D6 /* ViewController.swift in Sources */,
				ED07FF09236B54D6000DD1D6 /* AppDelegate.swift in Sources */,
			);
			runOnlyForDeploymentPostprocessing = 0;
		};
		ED07FF15236B54D9000DD1D6 /* Sources */ = {
			isa = PBXSourcesBuildPhase;
			buildActionMask = 2147483647;
			files = (
				ED07FF1E236B54D9000DD1D6 /* gitTeachTests.swift in Sources */,
			);
			runOnlyForDeploymentPostprocessing = 0;
		};
		ED07FF20236B54D9000DD1D6 /* Sources */ = {
			isa = PBXSourcesBuildPhase;
			buildActionMask = 2147483647;
			files = (
				ED07FF29236B54D9000DD1D6 /* gitTeachUITests.swift in Sources */,
			);
			runOnlyForDeploymentPostprocessing = 0;
		};
/* End PBXSourcesBuildPhase section */

/* Begin PBXTargetDependency section */
		ED07FF1B236B54D9000DD1D6 /* PBXTargetDependency */ = {
			isa = PBXTargetDependency;
			target = ED07FF04236B54D6000DD1D6 /* gitTeach */;
			targetProxy = ED07FF1A236B54D9000DD1D6 /* PBXContainerItemProxy */;
		};
		ED07FF26236B54D9000DD1D6 /* PBXTargetDependency */ = {
			isa = PBXTargetDependency;
			target = ED07FF04236B54D6000DD1D6 /* gitTeach */;
			targetProxy = ED07FF25236B54D9000DD1D6 /* PBXContainerItemProxy */;
		};
/* End PBXTargetDependency section */

/* Begin PBXVariantGroup section */
		ED07FF0C236B54D6000DD1D6 /* Main.storyboard */ = {
			isa = PBXVariantGroup;
			children = (
				ED07FF0D236B54D6000DD1D6 /* Base */,
			);
			name = Main.storyboard;
			sourceTree = "<group>";
		};
		ED07FF11236B54D9000DD1D6 /* LaunchScreen.storyboard */ = {
			isa = PBXVariantGroup;
			children = (
				ED07FF12236B54D9000DD1D6 /* Base */,
			);
			name = LaunchScreen.storyboard;
			sourceTree = "<group>";
		};
/* End PBXVariantGroup section */

/* Begin XCBuildConfiguration section */
		ED07FF2B236B54D9000DD1D6 /* Debug */ = {
			isa = XCBuildConfiguration;
			buildSettings = {
				ALWAYS_SEARCH_USER_PATHS = NO;
				CLANG_ANALYZER_NONNULL = YES;
				CLANG_ANALYZER_NUMBER_OBJECT_CONVERSION = YES_AGGRESSIVE;
				CLANG_CXX_LANGUAGE_STANDARD = "gnu++14";
				CLANG_CXX_LIBRARY = "libc++";
				CLANG_ENABLE_MODULES = YES;
				CLANG_ENABLE_OBJC_ARC = YES;
				CLANG_ENABLE_OBJC_WEAK = YES;
				CLANG_WARN_BLOCK_CAPTURE_AUTORELEASING = YES;
				CLANG_WARN_BOOL_CONVERSION = YES;
				CLANG_WARN_COMMA = YES;
				CLANG_WARN_CONSTANT_CONVERSION = YES;
				CLANG_WARN_DEPRECATED_OBJC_IMPLEMENTATIONS = YES;
				CLANG_WARN_DIRECT_OBJC_ISA_USAGE = YES_ERROR;
				CLANG_WARN_DOCUMENTATION_COMMENTS = YES;
				CLANG_WARN_EMPTY_BODY = YES;
				CLANG_WARN_ENUM_CONVERSION = YES;
				CLANG_WARN_INFINITE_RECURSION = YES;
				CLANG_WARN_INT_CONVERSION = YES;
				CLANG_WARN_NON_LITERAL_NULL_CONVERSION = YES;
				CLANG_WARN_OBJC_IMPLICIT_RETAIN_SELF = YES;
				CLANG_WARN_OBJC_LITERAL_CONVERSION = YES;
				CLANG_WARN_OBJC_ROOT_CLASS = YES_ERROR;
				CLANG_WARN_RANGE_LOOP_ANALYSIS = YES;
				CLANG_WARN_STRICT_PROTOTYPES = YES;
				CLANG_WARN_SUSPICIOUS_MOVE = YES;
				CLANG_WARN_UNGUARDED_AVAILABILITY = YES_AGGRESSIVE;
				CLANG_WARN_UNREACHABLE_CODE = YES;
				CLANG_WARN__DUPLICATE_METHOD_MATCH = YES;
				CODE_SIGN_IDENTITY = "iPhone Developer";
				COPY_PHASE_STRIP = NO;
				DEBUG_INFORMATION_FORMAT = dwarf;
				ENABLE_STRICT_OBJC_MSGSEND = YES;
				ENABLE_TESTABILITY = YES;
				GCC_C_LANGUAGE_STANDARD = gnu11;
				GCC_DYNAMIC_NO_PIC = NO;
				GCC_NO_COMMON_BLOCKS = YES;
				GCC_OPTIMIZATION_LEVEL = 0;
				GCC_PREPROCESSOR_DEFINITIONS = (
					"DEBUG=1",
					"$(inherited)",
				);
				GCC_WARN_64_TO_32_BIT_CONVERSION = YES;
				GCC_WARN_ABOUT_RETURN_TYPE = YES_ERROR;
				GCC_WARN_UNDECLARED_SELECTOR = YES;
				GCC_WARN_UNINITIALIZED_AUTOS = YES_AGGRESSIVE;
				GCC_WARN_UNUSED_FUNCTION = YES;
				GCC_WARN_UNUSED_VARIABLE = YES;
				IPHONEOS_DEPLOYMENT_TARGET = 12.4;
				MTL_ENABLE_DEBUG_INFO = INCLUDE_SOURCE;
				MTL_FAST_MATH = YES;
				ONLY_ACTIVE_ARCH = YES;
				SDKROOT = iphoneos;
				SWIFT_ACTIVE_COMPILATION_CONDITIONS = DEBUG;
				SWIFT_OPTIMIZATION_LEVEL = "-Onone";
			};
			name = Debug;
		};
		ED07FF2C236B54D9000DD1D6 /* Release */ = {
			isa = XCBuildConfiguration;
			buildSettings = {
				ALWAYS_SEARCH_USER_PATHS = NO;
				CLANG_ANALYZER_NONNULL = YES;
				CLANG_ANALYZER_NUMBER_OBJECT_CONVERSION = YES_AGGRESSIVE;
				CLANG_CXX_LANGUAGE_STANDARD = "gnu++14";
				CLANG_CXX_LIBRARY = "libc++";
				CLANG_ENABLE_MODULES = YES;
				CLANG_ENABLE_OBJC_ARC = YES;
				CLANG_ENABLE_OBJC_WEAK = YES;
				CLANG_WARN_BLOCK_CAPTURE_AUTORELEASING = YES;
				CLANG_WARN_BOOL_CONVERSION = YES;
				CLANG_WARN_COMMA = YES;
				CLANG_WARN_CONSTANT_CONVERSION = YES;
				CLANG_WARN_DEPRECATED_OBJC_IMPLEMENTATIONS = YES;
				CLANG_WARN_DIRECT_OBJC_ISA_USAGE = YES_ERROR;
				CLANG_WARN_DOCUMENTATION_COMMENTS = YES;
				CLANG_WARN_EMPTY_BODY = YES;
				CLANG_WARN_ENUM_CONVERSION = YES;
				CLANG_WARN_INFINITE_RECURSION = YES;
				CLANG_WARN_INT_CONVERSION = YES;
				CLANG_WARN_NON_LITERAL_NULL_CONVERSION = YES;
				CLANG_WARN_OBJC_IMPLICIT_RETAIN_SELF = YES;
				CLANG_WARN_OBJC_LITERAL_CONVERSION = YES;
				CLANG_WARN_OBJC_ROOT_CLASS = YES_ERROR;
				CLANG_WARN_RANGE_LOOP_ANALYSIS = YES;
				CLANG_WARN_STRICT_PROTOTYPES = YES;
				CLANG_WARN_SUSPICIOUS_MOVE = YES;
				CLANG_WARN_UNGUARDED_AVAILABILITY = YES_AGGRESSIVE;
				CLANG_WARN_UNREACHABLE_CODE = YES;
				CLANG_WARN__DUPLICATE_METHOD_MATCH = YES;
				CODE_SIGN_IDENTITY = "iPhone Developer";
				COPY_PHASE_STRIP = NO;
				DEBUG_INFORMATION_FORMAT = "dwarf-with-dsym";
				ENABLE_NS_ASSERTIONS = NO;
				ENABLE_STRICT_OBJC_MSGSEND = YES;
				GCC_C_LANGUAGE_STANDARD = gnu11;
				GCC_NO_COMMON_BLOCKS = YES;
				GCC_WARN_64_TO_32_BIT_CONVERSION = YES;
				GCC_WARN_ABOUT_RETURN_TYPE = YES_ERROR;
				GCC_WARN_UNDECLARED_SELECTOR = YES;
				GCC_WARN_UNINITIALIZED_AUTOS = YES_AGGRESSIVE;
				GCC_WARN_UNUSED_FUNCTION = YES;
				GCC_WARN_UNUSED_VARIABLE = YES;
				IPHONEOS_DEPLOYMENT_TARGET = 12.4;
				MTL_ENABLE_DEBUG_INFO = NO;
				MTL_FAST_MATH = YES;
				SDKROOT = iphoneos;
				SWIFT_COMPILATION_MODE = wholemodule;
				SWIFT_OPTIMIZATION_LEVEL = "-O";
				VALIDATE_PRODUCT = YES;
			};
			name = Release;
		};
		ED07FF2E236B54D9000DD1D6 /* Debug */ = {
			isa = XCBuildConfiguration;
			buildSettings = {
				ASSETCATALOG_COMPILER_APPICON_NAME = AppIcon;
				CODE_SIGN_STYLE = Automatic;
				INFOPLIST_FILE = gitTeach/Info.plist;
				LD_RUNPATH_SEARCH_PATHS = (
					"$(inherited)",
					"@executable_path/Frameworks",
				);
				PRODUCT_BUNDLE_IDENTIFIER = picReTuch.gitTeach;
				PRODUCT_NAME = "$(TARGET_NAME)";
				SWIFT_VERSION = 5.0;
				TARGETED_DEVICE_FAMILY = "1,2";
			};
			name = Debug;
		};
		ED07FF2F236B54D9000DD1D6 /* Release */ = {
			isa = XCBuildConfiguration;
			buildSettings = {
				ASSETCATALOG_COMPILER_APPICON_NAME = AppIcon;
				CODE_SIGN_STYLE = Automatic;
				INFOPLIST_FILE = gitTeach/Info.plist;
				LD_RUNPATH_SEARCH_PATHS = (
					"$(inherited)",
					"@executable_path/Frameworks",
				);
				PRODUCT_BUNDLE_IDENTIFIER = picReTuch.gitTeach;
				PRODUCT_NAME = "$(TARGET_NAME)";
				SWIFT_VERSION = 5.0;
				TARGETED_DEVICE_FAMILY = "1,2";
			};
			name = Release;
		};
		ED07FF31236B54D9000DD1D6 /* Debug */ = {
			isa = XCBuildConfiguration;
			buildSettings = {
				ALWAYS_EMBED_SWIFT_STANDARD_LIBRARIES = YES;
				BUNDLE_LOADER = "$(TEST_HOST)";
				CODE_SIGN_STYLE = Automatic;
				INFOPLIST_FILE = gitTeachTests/Info.plist;
				LD_RUNPATH_SEARCH_PATHS = (
					"$(inherited)",
					"@executable_path/Frameworks",
					"@loader_path/Frameworks",
				);
				PRODUCT_BUNDLE_IDENTIFIER = picReTuch.gitTeachTests;
				PRODUCT_NAME = "$(TARGET_NAME)";
				SWIFT_VERSION = 5.0;
				TARGETED_DEVICE_FAMILY = "1,2";
				TEST_HOST = "$(BUILT_PRODUCTS_DIR)/gitTeach.app/gitTeach";
			};
			name = Debug;
		};
		ED07FF32236B54D9000DD1D6 /* Release */ = {
			isa = XCBuildConfiguration;
			buildSettings = {
				ALWAYS_EMBED_SWIFT_STANDARD_LIBRARIES = YES;
				BUNDLE_LOADER = "$(TEST_HOST)";
				CODE_SIGN_STYLE = Automatic;
				INFOPLIST_FILE = gitTeachTests/Info.plist;
				LD_RUNPATH_SEARCH_PATHS = (
					"$(inherited)",
					"@executable_path/Frameworks",
					"@loader_path/Frameworks",
				);
				PRODUCT_BUNDLE_IDENTIFIER = picReTuch.gitTeachTests;
				PRODUCT_NAME = "$(TARGET_NAME)";
				SWIFT_VERSION = 5.0;
				TARGETED_DEVICE_FAMILY = "1,2";
				TEST_HOST = "$(BUILT_PRODUCTS_DIR)/gitTeach.app/gitTeach";
			};
			name = Release;
		};
		ED07FF34236B54D9000DD1D6 /* Debug */ = {
			isa = XCBuildConfiguration;
			buildSettings = {
				ALWAYS_EMBED_SWIFT_STANDARD_LIBRARIES = YES;
				CODE_SIGN_STYLE = Automatic;
				INFOPLIST_FILE = gitTeachUITests/Info.plist;
				LD_RUNPATH_SEARCH_PATHS = (
					"$(inherited)",
					"@executable_path/Frameworks",
					"@loader_path/Frameworks",
				);
				PRODUCT_BUNDLE_IDENTIFIER = picReTuch.gitTeachUITests;
				PRODUCT_NAME = "$(TARGET_NAME)";
				SWIFT_VERSION = 5.0;
				TARGETED_DEVICE_FAMILY = "1,2";
				TEST_TARGET_NAME = gitTeach;
			};
			name = Debug;
		};
		ED07FF35236B54D9000DD1D6 /* Release */ = {
			isa = XCBuildConfiguration;
			buildSettings = {
				ALWAYS_EMBED_SWIFT_STANDARD_LIBRARIES = YES;
				CODE_SIGN_STYLE = Automatic;
				INFOPLIST_FILE = gitTeachUITests/Info.plist;
				LD_RUNPATH_SEARCH_PATHS = (
					"$(inherited)",
					"@executable_path/Frameworks",
					"@loader_path/Frameworks",
				);
				PRODUCT_BUNDLE_IDENTIFIER = picReTuch.gitTeachUITests;
				PRODUCT_NAME = "$(TARGET_NAME)";
				SWIFT_VERSION = 5.0;
				TARGETED_DEVICE_FAMILY = "1,2";
				TEST_TARGET_NAME = gitTeach;
			};
			name = Release;
		};
/* End XCBuildConfiguration section */

/* Begin XCConfigurationList section */
		ED07FF00236B54D6000DD1D6 /* Build configuration list for PBXProject "gitTeach" */ = {
			isa = XCConfigurationList;
			buildConfigurations = (
				ED07FF2B236B54D9000DD1D6 /* Debug */,
				ED07FF2C236B54D9000DD1D6 /* Release */,
			);
			defaultConfigurationIsVisible = 0;
			defaultConfigurationName = Release;
		};
		ED07FF2D236B54D9000DD1D6 /* Build configuration list for PBXNativeTarget "gitTeach" */ = {
			isa = XCConfigurationList;
			buildConfigurations = (
				ED07FF2E236B54D9000DD1D6 /* Debug */,
				ED07FF2F236B54D9000DD1D6 /* Release */,
			);
			defaultConfigurationIsVisible = 0;
			defaultConfigurationName = Release;
		};
		ED07FF30236B54D9000DD1D6 /* Build configuration list for PBXNativeTarget "gitTeachTests" */ = {
			isa = XCConfigurationList;
			buildConfigurations = (
				ED07FF31236B54D9000DD1D6 /* Debug */,
				ED07FF32236B54D9000DD1D6 /* Release */,
			);
			defaultConfigurationIsVisible = 0;
			defaultConfigurationName = Release;
		};
		ED07FF33236B54D9000DD1D6 /* Build configuration list for PBXNativeTarget "gitTeachUITests" */ = {
			isa = XCConfigurationList;
			buildConfigurations = (
				ED07FF34236B54D9000DD1D6 /* Debug */,
				ED07FF35236B54D9000DD1D6 /* Release */,
			);
			defaultConfigurationIsVisible = 0;
			defaultConfigurationName = Release;
		};
/* End XCConfigurationList section */
	};
	rootObject = ED07FEFD236B54D6000DD1D6 /* Project object */;
}
